
Microsoft Visual Studio Solution File, Format Version 11.00
# Visual C++ Express 2010
Project("{8BC9CEB8-8B4A-11D0-8D11-00A0C91BC942}") = "nvlddmkm-patcher", "nvlddmkm-patcher\nvlddmkm-patcher.vcxproj", "{F514A2D5-48AC-4E9A-A6A7-0BF8827E04D6}"
EndProject
Global
	GlobalSection(SolutionConfigurationPlatforms) = preSolution
		Debug|Win32 = Debug|Win32
		Release|Win32 = Release|Win32
	EndGlobalSection
	GlobalSection(ProjectConfigurationPlatforms) = postSolution
		{F514A2D5-48AC-4E9A-A6A7-0BF8827E04D6}.Debug|Win32.ActiveCfg = Debug|Win32
		{F514A2D5-48AC-4E9A-A6A7-0BF8827E04D6}.Debug|Win32.Build.0 = Debug|Win32
		{F514A2D5-48AC-4E9A-A6A7-0BF8827E04D6}.Release|Win32.ActiveCfg = Release|Win32
		{F514A2D5-48AC-4E9A-A6A7-0BF8827E04D6}.Release|Win32.Build.0 = Release|Win32
	EndGlobalSection
	GlobalSection(SolutionProperties) = preSolution
		HideSolutionNode = FALSE
	EndGlobalSection
EndGlobal
